version = 1
revision = 3
requires-python = ">=3.11"

[[package]]
name = "beautifulsoup4"
version = "4.14.3"
source = { registry = "https://pypi.org/simple" }
dependencies = [
    { name = "soupsieve" },
    { name = "typing-extensions" },
]
sdist = { url = "https://files.pythonhosted.org/packages/c3/b0/1c6a16426d389813b48d95e26898aff79abbde42ad353958ad95cc8c9b21/beautifulsoup4-4.14.3.tar.gz", hash = "sha256:6292b1c5186d356bba669ef9f7f051757099565ad9ada5dd630bd9de5fa7fb86", size = 627737, upload-time = "2025-11-30T15:08:26.084Z" }
wheels = [
    { url = "https://files.pythonhosted.org/packages/1a/39/47f9197bdd44df24d67ac8893641e16f386c984a0619ef2ee4c51fbbc019/beautifulsoup4-4.14.3-py3-none-any.whl", hash = "sha256:0918bfe44902e6ad8d57732ba310582e98da931428d231a5ecb9e7c703a735bb", size = 107721, upload-time = "2025-11-30T15:08:24.087Z" },
]

[[package]]
name = "colorama"
version = "0.4.6"
source = { registry = "https://pypi.org/simple" }
sdist = { url = "https://files.pythonhosted.org/packages/d8/53/6f443c9a4a8358a93a6792e2acffb9d9d5cb0a5cfd8802644b7b1c9a02e4/colorama-0.4.6.tar.gz", hash = "sha256:08695f5cb7ed6e0531a20572697297273c47b8cae5a63ffc6d6ed5c201be6e44", size = 27697, upload-time = "2022-10-25T02:36:22.414Z" }
wheels = [
    { url = "https://files.pythonhosted.org/packages/d1/d6/3965ed04c63042e047cb6a3e6ed1a63a35087b6a609aa3a15ed8ac56c221/colorama-0.4.6-py2.py3-none-any.whl", hash = "sha256:4f1d9991f5acc0ca119f9d443620b77f9d6b33703e51011c16baf57afb285fc6", size = 25335, upload-time = "2022-10-25T02:36:20.889Z" },
]

[[package]]
name = "iniconfig"
version = "2.3.0"
source = { registry = "https://pypi.org/simple" }
sdist = { url = "https://files.pythonhosted.org/packages/72/34/14ca021ce8e5dfedc35312d08ba8bf51fdd999c576889fc2c24cb97f4f10/iniconfig-2.3.0.tar.gz", hash = "sha256:c76315c77db068650d49c5b56314774a7804df16fee4402c1f19d6d15d8c4730", size = 20503, upload-time = "2025-10-18T21:55:43.219Z" }
wheels = [
    { url = "https://files.pythonhosted.org/packages/cb/b1/3846dd7f199d53cb17f49cba7e651e9ce294d8497c8c150530ed11865bb8/iniconfig-2.3.0-py3-none-any.whl", hash = "sha256:f631c04d2c48c52b84d0d0549c99ff3859c98df65b3101406327ecc7d53fbf12", size = 7484, upload-time = "2025-10-18T21:55:41.639Z" },
]

[[package]]
name = "mangafox-download-script"
version = "0.1.0"
source = { virtual = "." }
dependencies = [
    { name = "beautifulsoup4" },
    { name = "tqdm" },
]

[package.optional-dependencies]
dev = [
    { name = "prek" },
    { name = "pytest" },
    { name = "ruff" },
    { name = "ty" },
]

[package.metadata]
requires-dist = [
    { name = "beautifulsoup4", specifier = ">=4.12" },
    { name = "prek", marker = "extra == 'dev'", specifier = ">=0.2.0" },
    { name = "pytest", marker = "extra == 'dev'", specifier = ">=9.0.3" },
    { name = "ruff", marker = "extra == 'dev'", specifier = ">=0.6.0" },
    { name = "tqdm", specifier = ">=4.66" },
    { name = "ty", marker = "extra == 'dev'" },
]
provides-extras = ["dev"]

[[package]]
name = "packaging"
version = "26.0"
source = { registry = "https://pypi.org/simple" }
sdist = { url = "https://files.pythonhosted.org/packages/65/ee/299d360cdc32edc7d2cf530f3accf79c4fca01e96ffc950d8a52213bd8e4/packaging-26.0.tar.gz", hash = "sha256:00243ae351a257117b6a241061796684b084ed1c516a08c48a3f7e147a9d80b4", size = 143416, upload-time = "2026-01-21T20:50:39.064Z" }
wheels = [
    { url = "https://files.pythonhosted.org/packages/b7/b9/c538f279a4e237a006a2c98387d081e9eb060d203d8ed34467cc0f0b9b53/packaging-26.0-py3-none-any.whl", hash = "sha256:b36f1fef9334a5588b4166f8bcd26a14e521f2b55e6b9de3aaa80d3ff7a37529", size = 74366, upload-time = "2026-01-21T20:50:37.788Z" },
]

[[package]]
name = "pluggy"
version = "1.6.0"
source = { registry = "https://pypi.org/simple" }
sdist = { url = "https://files.pythonhosted.org/packages/f9/e2/3e91f31a7d2b083fe6ef3fa267035b518369d9511ffab804f839851d2779/pluggy-1.6.0.tar.gz", hash = "sha256:7dcc130b76258d33b90f61b658791dede3486c3e6bfb003ee5c9bfb396dd22f3", size = 69412, upload-time = "2025-05-15T12:30:07.975Z" }
wheels = [
    { url = "https://files.pythonhosted.org/packages/54/20/4d324d65cc6d9205fabedc306948156824eb9f0ee1633355a8f7ec5c66bf/pluggy-1.6.0-py3-none-any.whl", hash = "sha256:e920276dd6813095e9377c0bc5566d94c932c33b27a3e3945d8389c374dd4746", size = 20538, upload-time = "2025-05-15T12:30:06.134Z" },
]

[[package]]
name = "prek"
version = "0.3.6"
source = { registry = "https://pypi.org/simple" }
sdist = { url = "https://files.pythonhosted.org/packages/ab/e4/983840179c652feb9793c95b88abfe4b1f1d1aed7a791b45db97241be1a0/prek-0.3.6.tar.gz", hash = "sha256:bdf5c1e13ba0c04c2f488c5f90b1fd97a72aa740dc373b17fbbfc51898fa0377", size = 378106, upload-time = "2026-03-16T08:31:54.302Z" }
wheels = [
    { url = "https://files.pythonhosted.org/packages/04/05/157631f14fef32361a36956368a1e6559d857443d7585bc4c9225f4a4a18/prek-0.3.6-py3-none-linux_armv6l.whl", hash = "sha256:1713119cf0c390486786f4c84450ea584bcdf43979cc28e1350ec62e5d9a41ed", size = 5126301, upload-time = "2026-03-16T08:31:31.194Z" },
    { url = "https://files.pythonhosted.org/packages/54/f0/0918501708994d165c4bfc64c5749a263d04a08ae1196f3ad3b2e0d93b12/prek-0.3.6-py3-none-macosx_10_12_x86_64.whl", hash = "sha256:b68ef211fa60c53ec8866dcf38bacd8cb86b14f0e2b5491dd7a42370bee32e3e", size = 5527520, upload-time = "2026-03-16T08:31:41.948Z" },
    { url = "https://files.pythonhosted.org/packages/e3/9f/0d8ed2eaea58d8a7c5a3b0129914b7a73cd1a1fc7513a1d6b1efa0ec4ce4/prek-0.3.6-py3-none-macosx_11_0_arm64.whl", hash = "sha256:327b9030c3424c9fbcdf962992288295e89afe54fa94a7e0928e2691d1d2b53d", size = 5120490, upload-time = "2026-03-16T08:31:29.808Z" },
    { url = "https://files.pythonhosted.org/packages/d8/d5/63e21d19687816082df5bfd234f451b17858b37f500e2a8845cda1a031db/prek-0.3.6-py3-none-manylinux_2_17_aarch64.manylinux2014_aarch64.musllinux_1_1_aarch64.whl", hash = "sha256:61de3f019f5a082688654139fd9a3e03f74dbd4a09533667714d28833359114d", size = 5355957, upload-time = "2026-03-16T08:31:37.408Z" },
    { url = "https://files.pythonhosted.org/packages/e2/0e/bb52a352e5d7dc92eaebb69aeef4e5b7cddc47c646e24fe9d6a61956b45d/prek-0.3.6-py3-none-manylinux_2_17_armv7l.manylinux2014_armv7l.whl", hash = "sha256:5bbba688c5283c8e8c907fb00f7c79fce630129f27f77cbee67e356fcfdedea8", size = 5055675, upload-time = "2026-03-16T08:31:40.311Z" },
    { url = "https://files.pythonhosted.org/packages/34/8b/7c2a49314eb4909d50ee1c2171e00d524f9e080a5be598effbe36158d35c/prek-0.3.6-py3-none-manylinux_2_17_i686.manylinux2014_i686.whl", hash = "sha256:5dfe26bc2675114734fa626e7dc635f76e53a28fed7470ba6f32caf2f29cc21f", size = 5459285, upload-time = "2026-03-16T08:31:32.764Z" },
    { url = "https://files.pythonhosted.org/packages/70/11/86cbf205b111f93d45b5c04a61ea2cdcf12970b11277fa6a8eef1b8aaa0d/prek-0.3.6-py3-none-manylinux_2_17_s390x.manylinux2014_s390x.whl", hash = "sha256:3f8121060b4610411a936570ebb03b0f78c1b637c25d4914885b3bba127cb554", size = 6391127, upload-time = "2026-03-16T08:31:52.587Z" },
    { url = "https://files.pythonhosted.org/packages/0a/d3/bae4a351b9b095e317ad294817d3dff980d73a907a0449b49a9549894a80/prek-0.3.6-py3-none-manylinux_2_17_x86_64.manylinux2014_x86_64.whl", hash = "sha256:8a38d8061caae4ffd757316b9ef65409d808ae92482386385413365bad033c26", size = 5734755, upload-time = "2026-03-16T08:31:34.387Z" },
    { url = "https://files.pythonhosted.org/packages/ea/48/5b1d6d91407e14f86daf580a93f073d00b70f4dca8ff441d40971652a38e/prek-0.3.6-py3-none-manylinux_2_28_aarch64.whl", hash = "sha256:3d9e3b5031608657bec5d572fa45a41b6c7ddbe98f925f8240addbf57af55ea7", size = 5362190, upload-time = "2026-03-16T08:31:49.403Z" },
    { url = "https://files.pythonhosted.org/packages/08/18/38d6ea85770bb522d3dad18e8bbe435365e1e3e88f67716c2d8c2e57a36a/prek-0.3.6-py3-none-manylinux_2_31_riscv64.whl", hash = "sha256:a581d2903be460a236748fb3cfcb5b7dbe5b4af2409f06c0427b637676d4b78a", size = 5181858, upload-time = "2026-03-16T08:31:43.515Z" },
    { url = "https://files.pythonhosted.org/packages/3b/61/7179e9faffa3722a96fee8d9cebdb3982390410b85fc2aaeacfe49c361b5/prek-0.3.6-py3-none-musllinux_1_1_armv7l.whl", hash = "sha256:d663f1c467dccbd414ab0caa323230f33aa27797c575d98af1013866e1f83a12", size = 5023469, upload-time = "2026-03-16T08:31:35.975Z" },
    { url = "https://files.pythonhosted.org/packages/ad/69/8a496892f8c9c898dea8cfe4917bbd58808367975132457b5ab5ac095269/prek-0.3.6-py3-none-musllinux_1_1_i686.whl", hash = "sha256:cbc7f0b344432630e990a6c6dd512773fbb7253c8df3c3f78eedd80b115ed3c9", size = 5322570, upload-time = "2026-03-16T08:31:51.034Z" },
    { url = "https://files.pythonhosted.org/packages/95/ee/f174bcfd73e8337a4290cb7eaf70b37aaec228e4f5d5ec6e61e0546ee896/prek-0.3.6-py3-none-musllinux_1_1_x86_64.whl", hash = "sha256:6ef02ce9d2389daae85f099fd4f34aa5537e3670b5e2a3174c9110ce69958c10", size = 5848197, upload-time = "2026-03-16T08:31:44.975Z" },
    { url = "https://files.pythonhosted.org/packages/65/6b/06371fa895a4ee7b7160685e4d3e5f8d3c21826f27fff8ed00334f646b46/prek-0.3.6-py3-none-win32.whl", hash = "sha256:341763a9264133a34570da53de86bbb785d7caf050bf4b077b4f2b098b48e322", size = 4852902, upload-time = "2026-03-16T08:31:38.807Z" },
    { url = "https://files.pythonhosted.org/packages/b7/a3/63b25796e8cdaea1d62d4a82f4852cb4f52dcbad0cae465e9eabbe6acda8/prek-0.3.6-py3-none-win_amd64.whl", hash = "sha256:32803160223ecb1eefffd941804fc1175dc9376b24d10a0f03fef63dc7e10e7c", size = 5253284, upload-time = "2026-03-16T08:31:48.026Z" },
    { url = "https://files.pythonhosted.org/packages/e6/69/c031f2c6a30c921d6d3656750676c3436d9b8ada771193d36f26cd998066/prek-0.3.6-py3-none-win_arm64.whl", hash = "sha256:5003c183594e15a2d1e6a744c0ee7b1f7e28d7c2f05a1ea533e31e216b14f062", size = 5101874, upload-time = "2026-03-16T08:31:46.325Z" },
]

[[package]]
name = "pygments"
version = "2.20.0"
source = { registry = "https://pypi.org/simple" }
sdist = { url = "https://files.pythonhosted.org/packages/c3/b2/bc9c9196916376152d655522fdcebac55e66de6603a76a02bca1b6414f6c/pygments-2.20.0.tar.gz", hash = "sha256:6757cd03768053ff99f3039c1a36d6c0aa0b263438fcab17520b30a303a82b5f", size = 4955991, upload-time = "2026-03-29T13:29:33.898Z" }
wheels = [
    { url = "https://files.pythonhosted.org/packages/f4/7e/a72dd26f3b0f4f2bf1dd8923c85f7ceb43172af56d63c7383eb62b332364/pygments-2.20.0-py3-none-any.whl", hash = "sha256:81a9e26dd42fd28a23a2d169d86d7ac03b46e2f8b59ed4698fb4785f946d0176", size = 1231151, upload-time = "2026-03-29T13:29:30.038Z" },
]

[[package]]
name = "pytest"
version = "9.0.3"
source = { registry = "https://pypi.org/simple" }
dependencies = [
    { name = "colorama", marker = "sys_platform == 'win32'" },
    { name = "iniconfig" },
    { name = "packaging" },
    { name = "pluggy" },
    { name = "pygments" },
]
sdist = { url = "https://files.pythonhosted.org/packages/7d/0d/549bd94f1a0a402dc8cf64563a117c0f3765662e2e668477624baeec44d5/pytest-9.0.3.tar.gz", hash = "sha256:b86ada508af81d19edeb213c681b1d48246c1a91d304c6c81a427674c17eb91c", size = 1572165, upload-time = "2026-04-07T17:16:18.027Z" }
wheels = [
    { url = "https://files.pythonhosted.org/packages/d4/24/a372aaf5c9b7208e7112038812994107bc65a84cd00e0354a88c2c77a617/pytest-9.0.3-py3-none-any.whl", hash = "sha256:2c5efc453d45394fdd706ade797c0a81091eccd1d6e4bccfcd476e2b8e0ab5d9", size = 375249, upload-time = "2026-04-07T17:16:16.13Z" },
]

[[package]]
name = "ruff"
version = "0.15.7"
source = { registry = "https://pypi.org/simple" }
sdist = { url = "https://files.pythonhosted.org/packages/a1/22/9e4f66ee588588dc6c9af6a994e12d26e19efbe874d1a909d09a6dac7a59/ruff-0.15.7.tar.gz", hash = "sha256:04f1ae61fc20fe0b148617c324d9d009b5f63412c0b16474f3d5f1a1a665f7ac", size = 4601277, upload-time = "2026-03-19T16:26:22.605Z" }
wheels = [
    { url = "https://files.pythonhosted.org/packages/41/2f/0b08ced94412af091807b6119ca03755d651d3d93a242682bf020189db94/ruff-0.15.7-py3-none-linux_armv6l.whl", hash = "sha256:a81cc5b6910fb7dfc7c32d20652e50fa05963f6e13ead3c5915c41ac5d16668e", size = 10489037, upload-time = "2026-03-19T16:26:32.47Z" },
    { url = "https://files.pythonhosted.org/packages/91/4a/82e0fa632e5c8b1eba5ee86ecd929e8ff327bbdbfb3c6ac5d81631bef605/ruff-0.15.7-py3-none-macosx_10_12_x86_64.whl", hash = "sha256:722d165bd52403f3bdabc0ce9e41fc47070ac56d7a91b4e0d097b516a53a3477", size = 10955433, upload-time = "2026-03-19T16:27:00.205Z" },
    { url = "https://files.pythonhosted.org/packages/ab/10/12586735d0ff42526ad78c049bf51d7428618c8b5c467e72508c694119df/ruff-0.15.7-py3-none-macosx_11_0_arm64.whl", hash = "sha256:7fbc2448094262552146cbe1b9643a92f66559d3761f1ad0656d4991491af49e", size = 10269302, upload-time = "2026-03-19T16:26:26.183Z" },
    { url = "https://files.pythonhosted.org/packages/eb/5d/32b5c44ccf149a26623671df49cbfbd0a0ae511ff3df9d9d2426966a8d57/ruff-0.15.7-py3-none-manylinux_2_17_aarch64.manylinux2014_aarch64.whl", hash = "sha256:6b39329b60eba44156d138275323cc726bbfbddcec3063da57caa8a8b1d50adf", size = 10607625, upload-time = "2026-03-19T16:27:03.263Z" },
    { url = "https://files.pythonhosted.org/packages/5d/f1/f0001cabe86173aaacb6eb9bb734aa0605f9a6aa6fa7d43cb49cbc4af9c9/ruff-0.15.7-py3-none-manylinux_2_17_armv7l.manylinux2014_armv7l.whl", hash = "sha256:87768c151808505f2bfc93ae44e5f9e7c8518943e5074f76ac21558ef5627c85", size = 10324743, upload-time = "2026-03-19T16:27:09.791Z" },
    { url = "https://files.pythonhosted.org/packages/7a/87/b8a8f3d56b8d848008559e7c9d8bf367934d5367f6d932ba779456e2f73b/ruff-0.15.7-py3-none-manylinux_2_17_i686.manylinux2014_i686.whl", hash = "sha256:fb0511670002c6c529ec66c0e30641c976c8963de26a113f3a30456b702468b0", size = 11138536, upload-time = "2026-03-19T16:27:06.101Z" },
    { url = "https://files.pythonhosted.org/packages/e4/f2/4fd0d05aab0c5934b2e1464784f85ba2eab9d54bffc53fb5430d1ed8b829/ruff-0.15.7-py3-none-manylinux_2_17_ppc64le.manylinux2014_ppc64le.whl", hash = "sha256:e0d19644f801849229db8345180a71bee5407b429dd217f853ec515e968a6912", size = 11994292, upload-time = "2026-03-19T16:26:48.718Z" },
    { url = "https://files.pythonhosted.org/packages/64/22/fc4483871e767e5e95d1622ad83dad5ebb830f762ed0420fde7dfa9d9b08/ruff-0.15.7-py3-none-manylinux_2_17_s390x.manylinux2014_s390x.whl", hash = "sha256:4806d8e09ef5e84eb19ba833d0442f7e300b23fe3f0981cae159a248a10f0036", size = 11398981, upload-time = "2026-03-19T16:26:54.513Z" },
    { url = "https://files.pythonhosted.org/packages/b0/99/66f0343176d5eab02c3f7fcd2de7a8e0dd7a41f0d982bee56cd1c24db62b/ruff-0.15.7-py3-none-manylinux_2_17_x86_64.manylinux2014_x86_64.whl", hash = "sha256:dce0896488562f09a27b9c91b1f58a097457143931f3c4d519690dea54e624c5", size = 11242422, upload-time = "2026-03-19T16:26:29.277Z" },
    { url = "https://files.pythonhosted.org/packages/5d/3a/a7060f145bfdcce4c987ea27788b30c60e2c81d6e9a65157ca8afe646328/ruff-0.15.7-py3-none-manylinux_2_31_riscv64.whl", hash = "sha256:1852ce241d2bc89e5dc823e03cff4ce73d816b5c6cdadd27dbfe7b03217d2a12", size = 11232158, upload-time = "2026-03-19T16:26:42.321Z" },
    { url = "https://files.pythonhosted.org/packages/a7/53/90fbb9e08b29c048c403558d3cdd0adf2668b02ce9d50602452e187cd4af/ruff-0.15.7-py3-none-musllinux_1_2_aarch64.whl", hash = "sha256:5f3e4b221fb4bd293f79912fc5e93a9063ebd6d0dcbd528f91b89172a9b8436c", size = 10577861, upload-time = "2026-03-19T16:26:57.459Z" },
    { url = "https://files.pythonhosted.org/packages/2f/aa/5f486226538fe4d0f0439e2da1716e1acf895e2a232b26f2459c55f8ddad/ruff-0.15.7-py3-none-musllinux_1_2_armv7l.whl", hash = "sha256:b15e48602c9c1d9bdc504b472e90b90c97dc7d46c7028011ae67f3861ceba7b4", size = 10327310, upload-time = "2026-03-19T16:26:35.909Z" },
    { url = "https://files.pythonhosted.org/packages/99/9e/271afdffb81fe7bfc8c43ba079e9d96238f674380099457a74ccb3863857/ruff-0.15.7-py3-none-musllinux_1_2_i686.whl", hash = "sha256:1b4705e0e85cedc74b0a23cf6a179dbb3df184cb227761979cc76c0440b5ab0d", size = 10840752, upload-time = "2026-03-19T16:26:45.723Z" },
    { url = "https://files.pythonhosted.org/packages/bf/29/a4ae78394f76c7759953c47884eb44de271b03a66634148d9f7d11e721bd/ruff-0.15.7-py3-none-musllinux_1_2_x86_64.whl", hash = "sha256:112c1fa316a558bb34319282c1200a8bf0495f1b735aeb78bfcb2991e6087580", size = 11336961, upload-time = "2026-03-19T16:26:39.076Z" },
    { url = "https://files.pythonhosted.org/packages/26/6b/8786ba5736562220d588a2f6653e6c17e90c59ced34a2d7b512ef8956103/ruff-0.15.7-py3-none-win32.whl", hash = "sha256:6d39e2d3505b082323352f733599f28169d12e891f7dd407f2d4f54b4c2886de", size = 10582538, upload-time = "2026-03-19T16:26:15.992Z" },
    { url = "https://files.pythonhosted.org/packages/2b/e9/346d4d3fffc6871125e877dae8d9a1966b254fbd92a50f8561078b88b099/ruff-0.15.7-py3-none-win_amd64.whl", hash = "sha256:4d53d712ddebcd7dace1bc395367aec12c057aacfe9adbb6d832302575f4d3a1", size = 11755839, upload-time = "2026-03-19T16:26:19.897Z" },
    { url = "https://files.pythonhosted.org/packages/8f/e8/726643a3ea68c727da31570bde48c7a10f1aa60eddd628d94078fec586ff/ruff-0.15.7-py3-none-win_arm64.whl", hash = "sha256:18e8d73f1c3fdf27931497972250340f92e8c861722161a9caeb89a58ead6ed2", size = 11023304, upload-time = "2026-03-19T16:26:51.669Z" },
]

[[package]]
name = "soupsieve"
version = "2.8.3"
source = { registry = "https://pypi.org/simple" }
sdist = { url = "https://files.pythonhosted.org/packages/7b/ae/2d9c981590ed9999a0d91755b47fc74f74de286b0f5cee14c9269041e6c4/soupsieve-2.8.3.tar.gz", hash = "sha256:3267f1eeea4251fb42728b6dfb746edc9acaffc4a45b27e19450b676586e8349", size = 118627, upload-time = "2026-01-20T04:27:02.457Z" }
wheels = [
    { url = "https://files.pythonhosted.org/packages/46/2c/1462b1d0a634697ae9e55b3cecdcb64788e8b7d63f54d923fcd0bb140aed/soupsieve-2.8.3-py3-none-any.whl", hash = "sha256:ed64f2ba4eebeab06cc4962affce381647455978ffc1e36bb79a545b91f45a95", size = 37016, upload-time = "2026-01-20T04:27:01.012Z" },
]

[[package]]
name = "tqdm"
version = "4.67.3"
source = { registry = "https://pypi.org/simple" }
dependencies = [
    { name = "colorama", marker = "sys_platform == 'win32'" },
]
sdist = { url = "https://files.pythonhosted.org/packages/09/a9/6ba95a270c6f1fbcd8dac228323f2777d886cb206987444e4bce66338dd4/tqdm-4.67.3.tar.gz", hash = "sha256:7d825f03f89244ef73f1d4ce193cb1774a8179fd96f31d7e1dcde62092b960bb", size = 169598, upload-time = "2026-02-03T17:35:53.048Z" }
wheels = [
    { url = "https://files.pythonhosted.org/packages/16/e1/3079a9ff9b8e11b846c6ac5c8b5bfb7ff225eee721825310c91b3b50304f/tqdm-4.67.3-py3-none-any.whl", hash = "sha256:ee1e4c0e59148062281c49d80b25b67771a127c85fc9676d3be5f243206826bf", size = 78374, upload-time = "2026-02-03T17:35:50.982Z" },
]

[[package]]
name = "ty"
version = "0.0.24"
source = { registry = "https://pypi.org/simple" }
sdist = { url = "https://files.pythonhosted.org/packages/7a/96/652a425030f95dc2c9548d9019e52502e17079e1daeefbc4036f1c0905b4/ty-0.0.24.tar.gz", hash = "sha256:9fe42f6b98207bdaef51f71487d6d087f2cb02555ee3939884d779b2b3cc8bfc", size = 5354286, upload-time = "2026-03-19T16:55:57.035Z" }
wheels = [
    { url = "https://files.pythonhosted.org/packages/da/e5/34457ee11708e734ba81ad65723af83030e484f961e281d57d1eecf08951/ty-0.0.24-py3-none-linux_armv6l.whl", hash = "sha256:1ab4f1f61334d533a3fdf5d9772b51b1300ac5da4f3cdb0be9657a3ccb2ce3e7", size = 10394877, upload-time = "2026-03-19T16:55:54.246Z" },
    { url = "https://files.pythonhosted.org/packages/44/81/bc9a1b1a87f43db15ab64ad781a4f999734ec3b470ad042624fa875b20e6/ty-0.0.24-py3-none-macosx_10_12_x86_64.whl", hash = "sha256:facbf2c4aaa6985229e08f8f9bf152215eb078212f22b5c2411f35386688ab42", size = 10211109, upload-time = "2026-03-19T16:55:28.554Z" },
    { url = "https://files.pythonhosted.org/packages/e4/63/cfc805adeaa61d63ba3ea71127efa7d97c40ba36d97ee7bd957341d05107/ty-0.0.24-py3-none-macosx_11_0_arm64.whl", hash = "sha256:b6d2a3b6d4470c483552a31e9b368c86f154dcc964bccb5406159dc9cd362246", size = 9694769, upload-time = "2026-03-19T16:55:34.309Z" },
    { url = "https://files.pythonhosted.org/packages/33/09/edc220726b6ec44a58900401f6b27140997ef15026b791e26b69a6e69eb5/ty-0.0.24-py3-none-manylinux_2_17_aarch64.manylinux2014_aarch64.whl", hash = "sha256:0c94c25d0500939fd5f8f16ce41cbed5b20528702c1d649bf80300253813f0a2", size = 10176287, upload-time = "2026-03-19T16:55:37.17Z" },
    { url = "https://files.pythonhosted.org/packages/f8/bf/cbe2227be711e65017655d8ee4d050f4c92b113fb4dc4c3bd6a19d3a86d8/ty-0.0.24-py3-none-manylinux_2_17_armv7l.manylinux2014_armv7l.whl", hash = "sha256:89cbe7bc7df0fab02dbd8cda79b737df83f1ef7fb573b08c0ee043dc68cffb08", size = 10214832, upload-time = "2026-03-19T16:56:08.518Z" },
    { url = "https://files.pythonhosted.org/packages/af/1d/d15803ee47e9143d10e10bd81ccc14761d08758082bda402950685f0ddfe/ty-0.0.24-py3-none-manylinux_2_17_i686.manylinux2014_i686.whl", hash = "sha256:db2c5d269bcc9b764850c99f457b5018a79b3ef40ecfbc03344e65effd6cf743", size = 10709892, upload-time = "2026-03-19T16:56:05.727Z" },
    { url = "https://files.pythonhosted.org/packages/36/12/6db0d86c477147f67b9052de209421d76c3e855197b000c25fcbbe86b3a2/ty-0.0.24-py3-none-manylinux_2_17_ppc64le.manylinux2014_ppc64le.whl", hash = "sha256:ba44512db5b97c3bbd59d93e11296e8548d0c9a3bdd1280de36d7ff22d351896", size = 11280872, upload-time = "2026-03-19T16:56:02.899Z" },
    { url = "https://files.pythonhosted.org/packages/1b/fc/155fe83a97c06d33ccc9e0f428258b32df2e08a428300c715d34757f0111/ty-0.0.24-py3-none-manylinux_2_17_s390x.manylinux2014_s390x.whl", hash = "sha256:a52b7f589c3205512a9c50ba5b2b1e8c0698b72e51b8b9285c90420c06f1cae8", size = 11060520, upload-time = "2026-03-19T16:55:59.956Z" },
    { url = "https://files.pythonhosted.org/packages/ac/f1/32c05a1c4c3c2a95c5b7361dee03a9bf1231d4ad096b161c838b45bce5a0/ty-0.0.24-py3-none-manylinux_2_17_x86_64.manylinux2014_x86_64.whl", hash = "sha256:7981df5c709c054da4ac5d7c93f8feb8f45e69e829e4461df4d5f0988fe67d04", size = 10791455, upload-time = "2026-03-19T16:55:25.728Z" },
    { url = "https://files.pythonhosted.org/packages/17/2c/53c1ea6bedfa4d4ab64d4de262d8f5e405ecbffefd364459c628c0310d33/ty-0.0.24-py3-none-musllinux_1_2_aarch64.whl", hash = "sha256:b2860151ad95a00d0f0280b8fef79900d08dcd63276b57e6e5774f2c055979c5", size = 10156708, upload-time = "2026-03-19T16:55:45.563Z" },
    { url = "https://files.pythonhosted.org/packages/45/39/7d2919cf194707169474d80720a5f3d793e983416f25e7ffcf80504c9df2/ty-0.0.24-py3-none-musllinux_1_2_armv7l.whl", hash = "sha256:5674a1146d927ab77ff198a88e0c4505134ced342a0e7d1beb4a076a728b7496", size = 10236263, upload-time = "2026-03-19T16:55:31.474Z" },
    { url = "https://files.pythonhosted.org/packages/cf/7f/48eac722f2fd12a5b7aae0effdcb75c46053f94b783d989e3ef0d7380082/ty-0.0.24-py3-none-musllinux_1_2_i686.whl", hash = "sha256:438ecbf1608a9b16dd84502f3f1b23ef2ef32bbd0ab3e0ca5a82f0e0d1cd41ea", size = 10402559, upload-time = "2026-03-19T16:55:39.602Z" },
    { url = "https://files.pythonhosted.org/packages/75/e0/8cf868b9749ce1e5166462759545964e95b02353243594062b927d8bff2a/ty-0.0.24-py3-none-musllinux_1_2_x86_64.whl", hash = "sha256:ddeed3098dd92a83964e7aa7b41e509ba3530eb539fc4cd8322ff64a09daf1f5", size = 10893684, upload-time = "2026-03-19T16:55:51.439Z" },
    { url = "https://files.pythonhosted.org/packages/17/9f/f54bf3be01d2c2ed731d10a5afa3324dc66f987a6ae0a4a6cbfa2323d080/ty-0.0.24-py3-none-win32.whl", hash = "sha256:83013fb3a4764a8f8bcc6ca11ff8bdfd8c5f719fc249241cb2b8916e80778eb1", size = 9781542, upload-time = "2026-03-19T16:56:11.588Z" },
    { url = "https://files.pythonhosted.org/packages/fb/49/c004c5cc258b10b3a145666e9a9c28ae7678bc958c8926e8078d5d769081/ty-0.0.24-py3-none-win_amd64.whl", hash = "sha256:748a60eb6912d1cf27aaab105ffadb6f4d2e458a3fcadfbd3cf26db0d8062eeb", size = 10764801, upload-time = "2026-03-19T16:55:42.752Z" },
    { url = "https://files.pythonhosted.org/packages/e2/59/006a074e185bfccf5e4c026015245ab4fcd2362b13a8d24cf37a277909a9/ty-0.0.24-py3-none-win_arm64.whl", hash = "sha256:280a3d31e86d0721947238f17030c33f0911cae851d108ea9f4e3ab12a5ed01f", size = 10194093, upload-time = "2026-03-19T16:55:48.303Z" },
]

[[package]]
name = "typing-extensions"
version = "4.15.0"
source = { registry = "https://pypi.org/simple" }
sdist = { url = "https://files.pythonhosted.org/packages/72/94/1a15dd82efb362ac84269196e94cf00f187f7ed21c242792a923cdb1c61f/typing_extensions-4.15.0.tar.gz", hash = "sha256:0cea48d173cc12fa28ecabc3b837ea3cf6f38c6d1136f85cbaaf598984861466", size = 109391, upload-time = "2025-08-25T13:49:26.313Z" }
wheels = [
    { url = "https://files.pythonhosted.org/packages/18/67/36e9267722cc04a6b9f15c7f3441c2363321a3ea07da7ae0c0707beb2a9c/typing_extensions-4.15.0-py3-none-any.whl", hash = "sha256:f0fa19c6845758ab08074a0cfa8b7aecb71c999ca73d62883bc25cc018c4e548", size = 44614, upload-time = "2025-08-25T13:49:24.86Z" },
]
